{
  "name": "atwork1_Project3_ArneQuinze",
  "lockfileVersion": 2,
  "requires": true,
  "packages": {
    "": {
      "dependencies": {
        "spotlight.js": "^0.6.6"
      }
    },
    "node_modules/spotlight.js": {
      "version": "0.6.6",
      "resolved": "https://registry.npmjs.org/spotlight.js/-/spotlight.js-0.6.6.tgz",
      "integrity": "sha512-MDQFeKX8roEsHHqz8+qjAiGxYEPkIgbnIPtxSoV1WFCKTxtaw+Yglgu9fWMwSpbgFrcK0iy2RVrkX8xmAr4tyw=="
    }
  },
  "dependencies": {
    "spotlight.js": {
      "version": "0.6.6",
      "resolved": "https://registry.npmjs.org/spotlight.js/-/spotlight.js-0.6.6.tgz",
      "integrity": "sha512-MDQFeKX8roEsHHqz8+qjAiGxYEPkIgbnIPtxSoV1WFCKTxtaw+Yglgu9fWMwSpbgFrcK0iy2RVrkX8xmAr4tyw=="
    }
  }
}
